
Microsoft Visual Studio Solution File, Format Version 12.00
# Visual Studio Version 17
VisualStudioVersion = 17.4.33213.308
MinimumVisualStudioVersion = 10.0.40219.1
Project("{FAE04EC0-301F-11D3-BF4B-00C04F79EFBC}") = "FilmesAPI", "FilmesAPI\FilmesAPI.csproj", "{39517333-8DA7-4B8D-9D62-0C0BA685447B}"
EndProject
Global
	GlobalSection(SolutionConfigurationPlatforms) = preSolution
		Debug|Any CPU = Debug|Any CPU
		Release|Any CPU = Release|Any CPU
	EndGlobalSection
	GlobalSection(ProjectConfigurationPlatforms) = postSolution
		{39517333-8DA7-4B8D-9D62-0C0BA685447B}.Debug|Any CPU.ActiveCfg = Debug|Any CPU
		{39517333-8DA7-4B8D-9D62-0C0BA685447B}.Debug|Any CPU.Build.0 = Debug|Any CPU
		{39517333-8DA7-4B8D-9D62-0C0BA685447B}.Release|Any CPU.ActiveCfg = Release|Any CPU
		{39517333-8DA7-4B8D-9D62-0C0BA685447B}.Release|Any CPU.Build.0 = Release|Any CPU
	EndGlobalSection
	GlobalSection(SolutionProperties) = preSolution
		HideSolutionNode = FALSE
	EndGlobalSection
	GlobalSection(ExtensibilityGlobals) = postSolution
		SolutionGuid = {7319F1CA-0C76-4EC9-9393-3EDC20B8FC4D}
	EndGlobalSection
EndGlobal
